version = 1
requires-python = ">=3.10"

[[distribution]]
name = "cachetools"
version = "5.4.0"
source = { registry = "https://pypi.org/simple" }
sdist = { url = "https://files.pythonhosted.org/packages/a7/3f/ea907ec6d15f68ea7f381546ba58adcb298417a59f01a2962cb5e486489f/cachetools-5.4.0.tar.gz", hash = "sha256:b8adc2e7c07f105ced7bc56dbb6dfbe7c4a00acce20e2227b3f355be89bc6827", size = 26975 }
wheels = [
    { url = "https://files.pythonhosted.org/packages/04/e6/a1551acbaa06f3e48b311329828a34bc9c51a8cfaecdeb4d03c329a1ef85/cachetools-5.4.0-py3-none-any.whl", hash = "sha256:3ae3b49a3d5e28a77a0be2b37dbcb89005058959cb2323858c2657c4a8cab474", size = 9455 },
]

[[distribution]]
name = "chardet"
version = "5.2.0"
source = { registry = "https://pypi.org/simple" }
sdist = { url = "https://files.pythonhosted.org/packages/f3/0d/f7b6ab21ec75897ed80c17d79b15951a719226b9fababf1e40ea74d69079/chardet-5.2.0.tar.gz", hash = "sha256:1b3b6ff479a8c414bc3fa2c0852995695c4a026dcd6d0633b2dd092ca39c1cf7", size = 2069618 }
wheels = [
    { url = "https://files.pythonhosted.org/packages/38/6f/f5fbc992a329ee4e0f288c1fe0e2ad9485ed064cac731ed2fe47dcc38cbf/chardet-5.2.0-py3-none-any.whl", hash = "sha256:e1cf59446890a00105fe7b7912492ea04b6e6f06d4b742b2c788469e34c82970", size = 199385 },
]

[[distribution]]
name = "colorama"
version = "0.4.6"
source = { registry = "https://pypi.org/simple" }
sdist = { url = "https://files.pythonhosted.org/packages/d8/53/6f443c9a4a8358a93a6792e2acffb9d9d5cb0a5cfd8802644b7b1c9a02e4/colorama-0.4.6.tar.gz", hash = "sha256:08695f5cb7ed6e0531a20572697297273c47b8cae5a63ffc6d6ed5c201be6e44", size = 27697 }
wheels = [
    { url = "https://files.pythonhosted.org/packages/d1/d6/3965ed04c63042e047cb6a3e6ed1a63a35087b6a609aa3a15ed8ac56c221/colorama-0.4.6-py2.py3-none-any.whl", hash = "sha256:4f1d9991f5acc0ca119f9d443620b77f9d6b33703e51011c16baf57afb285fc6", size = 25335 },
]

[[distribution]]
name = "distlib"
version = "0.3.8"
source = { registry = "https://pypi.org/simple" }
sdist = { url = "https://files.pythonhosted.org/packages/c4/91/e2df406fb4efacdf46871c25cde65d3c6ee5e173b7e5a4547a47bae91920/distlib-0.3.8.tar.gz", hash = "sha256:1530ea13e350031b6312d8580ddb6b27a104275a31106523b8f123787f494f64", size = 609931 }
wheels = [
    { url = "https://files.pythonhosted.org/packages/8e/41/9307e4f5f9976bc8b7fea0b66367734e8faf3ec84bc0d412d8cfabbb66cd/distlib-0.3.8-py2.py3-none-any.whl", hash = "sha256:034db59a0b96f8ca18035f36290806a9a6e6bd9d1ff91e45a7f172eb17e51784", size = 468850 },
]

[[distribution]]
name = "exceptiongroup"
version = "1.2.2"
source = { registry = "https://pypi.org/simple" }
sdist = { url = "https://files.pythonhosted.org/packages/09/35/2495c4ac46b980e4ca1f6ad6db102322ef3ad2410b79fdde159a4b0f3b92/exceptiongroup-1.2.2.tar.gz", hash = "sha256:47c2edf7c6738fafb49fd34290706d1a1a2f4d1c6df275526b62cbb4aa5393cc", size = 28883 }
wheels = [
    { url = "https://files.pythonhosted.org/packages/02/cc/b7e31358aac6ed1ef2bb790a9746ac2c69bcb3c8588b41616914eb106eaf/exceptiongroup-1.2.2-py3-none-any.whl", hash = "sha256:3111b9d131c238bec2f8f516e123e14ba243563fb135d3fe885990585aa7795b", size = 16453 },
]

[[distribution]]
name = "filelock"
version = "3.15.4"
source = { registry = "https://pypi.org/simple" }
sdist = { url = "https://files.pythonhosted.org/packages/08/dd/49e06f09b6645156550fb9aee9cc1e59aba7efbc972d665a1bd6ae0435d4/filelock-3.15.4.tar.gz", hash = "sha256:2207938cbc1844345cb01a5a95524dae30f0ce089eba5b00378295a17e3e90cb", size = 18007 }
wheels = [
    { url = "https://files.pythonhosted.org/packages/ae/f0/48285f0262fe47103a4a45972ed2f9b93e4c80b8fd609fa98da78b2a5706/filelock-3.15.4-py3-none-any.whl", hash = "sha256:6ca1fffae96225dab4c6eaf1c4f4f28cd2568d3ec2a44e15a08520504de468e7", size = 16159 },
]

[[distribution]]
name = "iniconfig"
version = "2.0.0"
source = { registry = "https://pypi.org/simple" }
sdist = { url = "https://files.pythonhosted.org/packages/d7/4b/cbd8e699e64a6f16ca3a8220661b5f83792b3017d0f79807cb8708d33913/iniconfig-2.0.0.tar.gz", hash = "sha256:2d91e135bf72d31a410b17c16da610a82cb55f6b0477d1a902134b24a455b8b3", size = 4646 }
wheels = [
    { url = "https://files.pythonhosted.org/packages/ef/a6/62565a6e1cf69e10f5727360368e451d4b7f58beeac6173dc9db836a5b46/iniconfig-2.0.0-py3-none-any.whl", hash = "sha256:b6a85871a79d2e3b22d2d1b94ac2824226a63c6b741c88f7ae975f18b6778374", size = 5892 },
]

[[distribution]]
name = "make-scipy-sparse-stubs"
version = "0.1.0"
source = { editable = "tools/make-scipy-sparse-stubs" }

[[distribution]]
name = "mypy"
version = "1.11.1"
source = { registry = "https://pypi.org/simple" }
dependencies = [
    { name = "mypy-extensions" },
    { name = "tomli", marker = "python_version < '3.11'" },
    { name = "typing-extensions" },
]
sdist = { url = "https://files.pythonhosted.org/packages/b6/9c/a4b3bda53823439cf395db8ecdda6229a83f9bf201714a68a15190bb2919/mypy-1.11.1.tar.gz", hash = "sha256:f404a0b069709f18bbdb702eb3dcfe51910602995de00bd39cea3050b5772d08", size = 3078369 }
wheels = [
    { url = "https://files.pythonhosted.org/packages/33/ba/858cc9631c24a349c1c63814edc16448da7d6b8716b2c83a10aa20f5ee89/mypy-1.11.1-cp310-cp310-macosx_10_9_x86_64.whl", hash = "sha256:a32fc80b63de4b5b3e65f4be82b4cfa362a46702672aa6a0f443b4689af7008c", size = 10937885 },
    { url = "https://files.pythonhosted.org/packages/2d/88/2ae81f7489da8313d0f2043dd657ba847650b00a0fb8e07f40e716ed8c58/mypy-1.11.1-cp310-cp310-macosx_11_0_arm64.whl", hash = "sha256:c1952f5ea8a5a959b05ed5f16452fddadbaae48b5d39235ab4c3fc444d5fd411", size = 10111978 },
    { url = "https://files.pythonhosted.org/packages/df/4b/d211d6036366f9ea5ee9fb949e80d133b4b8496cdde78c7119f518c49734/mypy-1.11.1-cp310-cp310-manylinux_2_17_x86_64.manylinux2014_x86_64.manylinux_2_28_x86_64.whl", hash = "sha256:e1e30dc3bfa4e157e53c1d17a0dad20f89dc433393e7702b813c10e200843b03", size = 12498441 },
    { url = "https://files.pythonhosted.org/packages/94/d2/973278d03ad11e006d71d4c858bfe45cf571ae061f3997911925c70a59f0/mypy-1.11.1-cp310-cp310-musllinux_1_1_x86_64.whl", hash = "sha256:2c63350af88f43a66d3dfeeeb8d77af34a4f07d760b9eb3a8697f0386c7590b4", size = 13020595 },
    { url = "https://files.pythonhosted.org/packages/0b/c2/7f4285eda528883c5c34cb4b8d88080792967f7f7f24256ad8090d303702/mypy-1.11.1-cp310-cp310-win_amd64.whl", hash = "sha256:a831671bad47186603872a3abc19634f3011d7f83b083762c942442d51c58d58", size = 9568307 },
    { url = "https://files.pythonhosted.org/packages/0b/b1/62d8ce619493a5364dda4f410912aa12c27126926e8fb8393edca0664640/mypy-1.11.1-cp311-cp311-macosx_10_9_x86_64.whl", hash = "sha256:7b6343d338390bb946d449677726edf60102a1c96079b4f002dedff375953fc5", size = 10858723 },
    { url = "https://files.pythonhosted.org/packages/fe/aa/2ad15a318bc6a17b7f23e1641a624603949904f6131e09681f40340fb875/mypy-1.11.1-cp311-cp311-macosx_11_0_arm64.whl", hash = "sha256:e4fe9f4e5e521b458d8feb52547f4bade7ef8c93238dfb5bbc790d9ff2d770ca", size = 10038078 },
    { url = "https://files.pythonhosted.org/packages/4d/7f/77feb389d91603f55b3c4e3e16ccf8752bce007ed73ca921e42c9a5dff12/mypy-1.11.1-cp311-cp311-manylinux_2_17_x86_64.manylinux2014_x86_64.manylinux_2_28_x86_64.whl", hash = "sha256:886c9dbecc87b9516eff294541bf7f3655722bf22bb898ee06985cd7269898de", size = 12420213 },
    { url = "https://files.pythonhosted.org/packages/bc/5b/907b4681f68e7ee2e2e88eed65c514cf6406b8f2f83b243ea79bd4eddb97/mypy-1.11.1-cp311-cp311-musllinux_1_1_x86_64.whl", hash = "sha256:fca4a60e1dd9fd0193ae0067eaeeb962f2d79e0d9f0f66223a0682f26ffcc809", size = 12898278 },
    { url = "https://files.pythonhosted.org/packages/5b/b3/2a83be637825d7432b8e6a51e45d02de4f463b6c7ec7164a45009a7cf477/mypy-1.11.1-cp311-cp311-win_amd64.whl", hash = "sha256:0bd53faf56de9643336aeea1c925012837432b5faf1701ccca7fde70166ccf72", size = 9564438 },
    { url = "https://files.pythonhosted.org/packages/3a/34/69638cee2e87303f19a0c35e80d42757e14d9aba328f272fdcdc0bf3c9b8/mypy-1.11.1-cp312-cp312-macosx_10_9_x86_64.whl", hash = "sha256:f39918a50f74dc5969807dcfaecafa804fa7f90c9d60506835036cc1bc891dc8", size = 10995789 },
    { url = "https://files.pythonhosted.org/packages/c4/3c/3e0611348fc53a4a7c80485959478b4f6eae706baf3b7c03cafa22639216/mypy-1.11.1-cp312-cp312-macosx_11_0_arm64.whl", hash = "sha256:0bc71d1fb27a428139dd78621953effe0d208aed9857cb08d002280b0422003a", size = 10002696 },
    { url = "https://files.pythonhosted.org/packages/1c/21/a6b46c91b4c9d1918ee59c305f46850cde7cbea748635a352e7c3c8ed204/mypy-1.11.1-cp312-cp312-manylinux_2_17_x86_64.manylinux2014_x86_64.manylinux_2_28_x86_64.whl", hash = "sha256:b868d3bcff720dd7217c383474008ddabaf048fad8d78ed948bb4b624870a417", size = 12505772 },
    { url = "https://files.pythonhosted.org/packages/c4/55/07904d4c8f408e70308015edcbff067eaa77514475938a9dd81b063de2a8/mypy-1.11.1-cp312-cp312-musllinux_1_1_x86_64.whl", hash = "sha256:a707ec1527ffcdd1c784d0924bf5cb15cd7f22683b919668a04d2b9c34549d2e", size = 12954190 },
    { url = "https://files.pythonhosted.org/packages/1e/b7/3a50f318979c8c541428c2f1ee973cda813bcc89614de982dafdd0df2b3e/mypy-1.11.1-cp312-cp312-win_amd64.whl", hash = "sha256:64f4a90e3ea07f590c5bcf9029035cf0efeae5ba8be511a8caada1a4893f5525", size = 9663138 },
    { url = "https://files.pythonhosted.org/packages/f8/d4/4960d0df55f30a7625d9c3c9414dfd42f779caabae137ef73ffaed0c97b9/mypy-1.11.1-py3-none-any.whl", hash = "sha256:0624bdb940255d2dd24e829d99a13cfeb72e4e9031f9492148f410ed30bcab54", size = 2619257 },
]

[[distribution]]
name = "mypy-extensions"
version = "1.0.0"
source = { registry = "https://pypi.org/simple" }
sdist = { url = "https://files.pythonhosted.org/packages/98/a4/1ab47638b92648243faf97a5aeb6ea83059cc3624972ab6b8d2316078d3f/mypy_extensions-1.0.0.tar.gz", hash = "sha256:75dbf8955dc00442a438fc4d0666508a9a97b6bd41aa2f0ffe9d2f2725af0782", size = 4433 }
wheels = [
    { url = "https://files.pythonhosted.org/packages/2a/e2/5d3f6ada4297caebe1a2add3b126fe800c96f56dbe5d1988a2cbe0b267aa/mypy_extensions-1.0.0-py3-none-any.whl", hash = "sha256:4392f6c0eb8a5668a69e23d168ffa70f0be9ccfd32b5cc2d26a34ae5b844552d", size = 4695 },
]

[[distribution]]
name = "numpy"
version = "1.26.4"
source = { registry = "https://pypi.org/simple" }
sdist = { url = "https://files.pythonhosted.org/packages/65/6e/09db70a523a96d25e115e71cc56a6f9031e7b8cd166c1ac8438307c14058/numpy-1.26.4.tar.gz", hash = "sha256:2a02aba9ed12e4ac4eb3ea9421c420301a0c6460d9830d74a9df87efa4912010", size = 15786129 }
wheels = [
    { url = "https://files.pythonhosted.org/packages/a7/94/ace0fdea5241a27d13543ee117cbc65868e82213fb31a8eb7fe9ff23f313/numpy-1.26.4-cp310-cp310-macosx_10_9_x86_64.whl", hash = "sha256:9ff0f4f29c51e2803569d7a51c2304de5554655a60c5d776e35b4a41413830d0", size = 20631468 },
    { url = "https://files.pythonhosted.org/packages/20/f7/b24208eba89f9d1b58c1668bc6c8c4fd472b20c45573cb767f59d49fb0f6/numpy-1.26.4-cp310-cp310-macosx_11_0_arm64.whl", hash = "sha256:2e4ee3380d6de9c9ec04745830fd9e2eccb3e6cf790d39d7b98ffd19b0dd754a", size = 13966411 },
    { url = "https://files.pythonhosted.org/packages/fc/a5/4beee6488160798683eed5bdb7eead455892c3b4e1f78d79d8d3f3b084ac/numpy-1.26.4-cp310-cp310-manylinux_2_17_aarch64.manylinux2014_aarch64.whl", hash = "sha256:d209d8969599b27ad20994c8e41936ee0964e6da07478d6c35016bc386b66ad4", size = 14219016 },
    { url = "https://files.pythonhosted.org/packages/4b/d7/ecf66c1cd12dc28b4040b15ab4d17b773b87fa9d29ca16125de01adb36cd/numpy-1.26.4-cp310-cp310-manylinux_2_17_x86_64.manylinux2014_x86_64.whl", hash = "sha256:ffa75af20b44f8dba823498024771d5ac50620e6915abac414251bd971b4529f", size = 18240889 },
    { url = "https://files.pythonhosted.org/packages/24/03/6f229fe3187546435c4f6f89f6d26c129d4f5bed40552899fcf1f0bf9e50/numpy-1.26.4-cp310-cp310-musllinux_1_1_aarch64.whl", hash = "sha256:62b8e4b1e28009ef2846b4c7852046736bab361f7aeadeb6a5b89ebec3c7055a", size = 13876746 },
    { url = "https://files.pythonhosted.org/packages/39/fe/39ada9b094f01f5a35486577c848fe274e374bbf8d8f472e1423a0bbd26d/numpy-1.26.4-cp310-cp310-musllinux_1_1_x86_64.whl", hash = "sha256:a4abb4f9001ad2858e7ac189089c42178fcce737e4169dc61321660f1a96c7d2", size = 18078620 },
    { url = "https://files.pythonhosted.org/packages/d5/ef/6ad11d51197aad206a9ad2286dc1aac6a378059e06e8cf22cd08ed4f20dc/numpy-1.26.4-cp310-cp310-win32.whl", hash = "sha256:bfe25acf8b437eb2a8b2d49d443800a5f18508cd811fea3181723922a8a82b07", size = 5972659 },
    { url = "https://files.pythonhosted.org/packages/19/77/538f202862b9183f54108557bfda67e17603fc560c384559e769321c9d92/numpy-1.26.4-cp310-cp310-win_amd64.whl", hash = "sha256:b97fe8060236edf3662adfc2c633f56a08ae30560c56310562cb4f95500022d5", size = 15808905 },
    { url = "https://files.pythonhosted.org/packages/11/57/baae43d14fe163fa0e4c47f307b6b2511ab8d7d30177c491960504252053/numpy-1.26.4-cp311-cp311-macosx_10_9_x86_64.whl", hash = "sha256:4c66707fabe114439db9068ee468c26bbdf909cac0fb58686a42a24de1760c71", size = 20630554 },
    { url = "https://files.pythonhosted.org/packages/1a/2e/151484f49fd03944c4a3ad9c418ed193cfd02724e138ac8a9505d056c582/numpy-1.26.4-cp311-cp311-macosx_11_0_arm64.whl", hash = "sha256:edd8b5fe47dab091176d21bb6de568acdd906d1887a4584a15a9a96a1dca06ef", size = 13997127 },
    { url = "https://files.pythonhosted.org/packages/79/ae/7e5b85136806f9dadf4878bf73cf223fe5c2636818ba3ab1c585d0403164/numpy-1.26.4-cp311-cp311-manylinux_2_17_aarch64.manylinux2014_aarch64.whl", hash = "sha256:7ab55401287bfec946ced39700c053796e7cc0e3acbef09993a9ad2adba6ca6e", size = 14222994 },
    { url = "https://files.pythonhosted.org/packages/3a/d0/edc009c27b406c4f9cbc79274d6e46d634d139075492ad055e3d68445925/numpy-1.26.4-cp311-cp311-manylinux_2_17_x86_64.manylinux2014_x86_64.whl", hash = "sha256:666dbfb6ec68962c033a450943ded891bed2d54e6755e35e5835d63f4f6931d5", size = 18252005 },
    { url = "https://files.pythonhosted.org/packages/09/bf/2b1aaf8f525f2923ff6cfcf134ae5e750e279ac65ebf386c75a0cf6da06a/numpy-1.26.4-cp311-cp311-musllinux_1_1_aarch64.whl", hash = "sha256:96ff0b2ad353d8f990b63294c8986f1ec3cb19d749234014f4e7eb0112ceba5a", size = 13885297 },
    { url = "https://files.pythonhosted.org/packages/df/a0/4e0f14d847cfc2a633a1c8621d00724f3206cfeddeb66d35698c4e2cf3d2/numpy-1.26.4-cp311-cp311-musllinux_1_1_x86_64.whl", hash = "sha256:60dedbb91afcbfdc9bc0b1f3f402804070deed7392c23eb7a7f07fa857868e8a", size = 18093567 },
    { url = "https://files.pythonhosted.org/packages/d2/b7/a734c733286e10a7f1a8ad1ae8c90f2d33bf604a96548e0a4a3a6739b468/numpy-1.26.4-cp311-cp311-win32.whl", hash = "sha256:1af303d6b2210eb850fcf03064d364652b7120803a0b872f5211f5234b399f20", size = 5968812 },
    { url = "https://files.pythonhosted.org/packages/3f/6b/5610004206cf7f8e7ad91c5a85a8c71b2f2f8051a0c0c4d5916b76d6cbb2/numpy-1.26.4-cp311-cp311-win_amd64.whl", hash = "sha256:cd25bcecc4974d09257ffcd1f098ee778f7834c3ad767fe5db785be9a4aa9cb2", size = 15811913 },
    { url = "https://files.pythonhosted.org/packages/95/12/8f2020a8e8b8383ac0177dc9570aad031a3beb12e38847f7129bacd96228/numpy-1.26.4-cp312-cp312-macosx_10_9_x86_64.whl", hash = "sha256:b3ce300f3644fb06443ee2222c2201dd3a89ea6040541412b8fa189341847218", size = 20335901 },
    { url = "https://files.pythonhosted.org/packages/75/5b/ca6c8bd14007e5ca171c7c03102d17b4f4e0ceb53957e8c44343a9546dcc/numpy-1.26.4-cp312-cp312-macosx_11_0_arm64.whl", hash = "sha256:03a8c78d01d9781b28a6989f6fa1bb2c4f2d51201cf99d3dd875df6fbd96b23b", size = 13685868 },
    { url = "https://files.pythonhosted.org/packages/79/f8/97f10e6755e2a7d027ca783f63044d5b1bc1ae7acb12afe6a9b4286eac17/numpy-1.26.4-cp312-cp312-manylinux_2_17_aarch64.manylinux2014_aarch64.whl", hash = "sha256:9fad7dcb1aac3c7f0584a5a8133e3a43eeb2fe127f47e3632d43d677c66c102b", size = 13925109 },
    { url = "https://files.pythonhosted.org/packages/0f/50/de23fde84e45f5c4fda2488c759b69990fd4512387a8632860f3ac9cd225/numpy-1.26.4-cp312-cp312-manylinux_2_17_x86_64.manylinux2014_x86_64.whl", hash = "sha256:675d61ffbfa78604709862923189bad94014bef562cc35cf61d3a07bba02a7ed", size = 17950613 },
    { url = "https://files.pythonhosted.org/packages/4c/0c/9c603826b6465e82591e05ca230dfc13376da512b25ccd0894709b054ed0/numpy-1.26.4-cp312-cp312-musllinux_1_1_aarch64.whl", hash = "sha256:ab47dbe5cc8210f55aa58e4805fe224dac469cde56b9f731a4c098b91917159a", size = 13572172 },
    { url = "https://files.pythonhosted.org/packages/76/8c/2ba3902e1a0fc1c74962ea9bb33a534bb05984ad7ff9515bf8d07527cadd/numpy-1.26.4-cp312-cp312-musllinux_1_1_x86_64.whl", hash = "sha256:1dda2e7b4ec9dd512f84935c5f126c8bd8b9f2fc001e9f54af255e8c5f16b0e0", size = 17786643 },
    { url = "https://files.pythonhosted.org/packages/28/4a/46d9e65106879492374999e76eb85f87b15328e06bd1550668f79f7b18c6/numpy-1.26.4-cp312-cp312-win32.whl", hash = "sha256:50193e430acfc1346175fcbdaa28ffec49947a06918b7b92130744e81e640110", size = 5677803 },
    { url = "https://files.pythonhosted.org/packages/16/2e/86f24451c2d530c88daf997cb8d6ac622c1d40d19f5a031ed68a4b73a374/numpy-1.26.4-cp312-cp312-win_amd64.whl", hash = "sha256:08beddf13648eb95f8d867350f6a018a4be2e5ad54c8d8caed89ebca558b2818", size = 15517754 },
]

[[distribution]]
name = "packaging"
version = "24.1"
source = { registry = "https://pypi.org/simple" }
sdist = { url = "https://files.pythonhosted.org/packages/51/65/50db4dda066951078f0a96cf12f4b9ada6e4b811516bf0262c0f4f7064d4/packaging-24.1.tar.gz", hash = "sha256:026ed72c8ed3fcce5bf8950572258698927fd1dbda10a5e981cdf0ac37f4f002", size = 148788 }
wheels = [
    { url = "https://files.pythonhosted.org/packages/08/aa/cc0199a5f0ad350994d660967a8efb233fe0416e4639146c089643407ce6/packaging-24.1-py3-none-any.whl", hash = "sha256:5b8f2217dbdbd2f7f384c41c628544e6d52f2d0f53c6d0c3ea61aa5d1d7ff124", size = 53985 },
]

[[distribution]]
name = "platformdirs"
version = "4.2.2"
source = { registry = "https://pypi.org/simple" }
sdist = { url = "https://files.pythonhosted.org/packages/f5/52/0763d1d976d5c262df53ddda8d8d4719eedf9594d046f117c25a27261a19/platformdirs-4.2.2.tar.gz", hash = "sha256:38b7b51f512eed9e84a22788b4bce1de17c0adb134d6becb09836e37d8654cd3", size = 20916 }
wheels = [
    { url = "https://files.pythonhosted.org/packages/68/13/2aa1f0e1364feb2c9ef45302f387ac0bd81484e9c9a4c5688a322fbdfd08/platformdirs-4.2.2-py3-none-any.whl", hash = "sha256:2d7a1657e36a80ea911db832a8a6ece5ee53d8de21edd5cc5879af6530b1bfee", size = 18146 },
]

[[distribution]]
name = "pluggy"
version = "1.5.0"
source = { registry = "https://pypi.org/simple" }
sdist = { url = "https://files.pythonhosted.org/packages/96/2d/02d4312c973c6050a18b314a5ad0b3210edb65a906f868e31c111dede4a6/pluggy-1.5.0.tar.gz", hash = "sha256:2cffa88e94fdc978c4c574f15f9e59b7f4201d439195c3715ca9e2486f1d0cf1", size = 67955 }
wheels = [
    { url = "https://files.pythonhosted.org/packages/88/5f/e351af9a41f866ac3f1fac4ca0613908d9a41741cfcf2228f4ad853b697d/pluggy-1.5.0-py3-none-any.whl", hash = "sha256:44e1ad92c8ca002de6377e165f3e0f1be63266ab4d554740532335b9d75ea669", size = 20556 },
]

[[distribution]]
name = "pyproject-api"
version = "1.7.1"
source = { registry = "https://pypi.org/simple" }
dependencies = [
    { name = "packaging" },
    { name = "tomli", marker = "python_version < '3.11'" },
]
sdist = { url = "https://files.pythonhosted.org/packages/41/43/5581b42a96c5ee7bf2b22d3b08b34c8a54dfe6591d8b9a4314c890bd4a0d/pyproject_api-1.7.1.tar.gz", hash = "sha256:7ebc6cd10710f89f4cf2a2731710a98abce37ebff19427116ff2174c9236a827", size = 22271 }
wheels = [
    { url = "https://files.pythonhosted.org/packages/de/88/c1451b66664ae596bae93928ff372f4da89c2c7250132ecb76cc99256c93/pyproject_api-1.7.1-py3-none-any.whl", hash = "sha256:2dc1654062c2b27733d8fd4cdda672b22fe8741ef1dde8e3a998a9547b071eeb", size = 13172 },
]

[[distribution]]
name = "pytest"
version = "8.3.2"
source = { registry = "https://pypi.org/simple" }
dependencies = [
    { name = "colorama", marker = "sys_platform == 'win32'" },
    { name = "exceptiongroup", marker = "python_version < '3.11'" },
    { name = "iniconfig" },
    { name = "packaging" },
    { name = "pluggy" },
    { name = "tomli", marker = "python_version < '3.11'" },
]
sdist = { url = "https://files.pythonhosted.org/packages/b4/8c/9862305bdcd6020bc7b45b1b5e7397a6caf1a33d3025b9a003b39075ffb2/pytest-8.3.2.tar.gz", hash = "sha256:c132345d12ce551242c87269de812483f5bcc87cdbb4722e48487ba194f9fdce", size = 1439314 }
wheels = [
    { url = "https://files.pythonhosted.org/packages/0f/f9/cf155cf32ca7d6fa3601bc4c5dd19086af4b320b706919d48a4c79081cf9/pytest-8.3.2-py3-none-any.whl", hash = "sha256:4ba08f9ae7dcf84ded419494d229b48d0903ea6407b030eaec46df5e6a73bba5", size = 341802 },
]

[[distribution]]
name = "ruff"
version = "0.5.6"
source = { registry = "https://pypi.org/simple" }
sdist = { url = "https://files.pythonhosted.org/packages/f7/69/96766da2cdb5605e6a31ef2734aff0be17901cefb385b885c2ab88896d76/ruff-0.5.6.tar.gz", hash = "sha256:07c9e3c2a8e1fe377dd460371c3462671a728c981c3205a5217291422209f642", size = 2444466 }
wheels = [
    { url = "https://files.pythonhosted.org/packages/85/54/af603686de0e9ba6c1798bd83d335e345e7c9ce4deed95a1071448bb6563/ruff-0.5.6-py3-none-linux_armv6l.whl", hash = "sha256:a0ef5930799a05522985b9cec8290b185952f3fcd86c1772c3bdbd732667fdcd", size = 9543715 },
    { url = "https://files.pythonhosted.org/packages/81/86/b22d250e1be2dcd11c749817d0cfe8be37efce6e6862c92ea037bedf6df9/ruff-0.5.6-py3-none-macosx_10_12_x86_64.whl", hash = "sha256:b652dc14f6ef5d1552821e006f747802cc32d98d5509349e168f6bf0ee9f8f42", size = 8662814 },
    { url = "https://files.pythonhosted.org/packages/d2/e2/f97c58797fac1c7dd8226becfed55056fa7bbfb6d9c2e93900f2a27b540e/ruff-0.5.6-py3-none-macosx_11_0_arm64.whl", hash = "sha256:80521b88d26a45e871f31e4b88938fd87db7011bb961d8afd2664982dfc3641a", size = 8230427 },
    { url = "https://files.pythonhosted.org/packages/24/70/9f00cf1e2b50476751808ac6ebbfaa6dab3abab5514058f6bbca28a790bc/ruff-0.5.6-py3-none-manylinux_2_17_aarch64.manylinux2014_aarch64.whl", hash = "sha256:d9bc8f328a9f1309ae80e4d392836e7dbc77303b38ed4a7112699e63d3b066ab", size = 9976713 },
    { url = "https://files.pythonhosted.org/packages/9b/02/309b171d867d819b7c76c46489597341ce85d70fefa05102a95130440005/ruff-0.5.6-py3-none-manylinux_2_17_armv7l.manylinux2014_armv7l.whl", hash = "sha256:4d394940f61f7720ad371ddedf14722ee1d6250fd8d020f5ea5a86e7be217daf", size = 9345335 },
    { url = "https://files.pythonhosted.org/packages/37/42/74b84b97815a0b940f1438ff554ead1405d2556ff8e2da58d3c3068a2093/ruff-0.5.6-py3-none-manylinux_2_17_i686.manylinux2014_i686.whl", hash = "sha256:111a99cdb02f69ddb2571e2756e017a1496c2c3a2aeefe7b988ddab38b416d36", size = 10140380 },
    { url = "https://files.pythonhosted.org/packages/47/0c/705b979fe814498dfc3977bcdbf8c47059d2ed37b1c2128f1b77612eea82/ruff-0.5.6-py3-none-manylinux_2_17_ppc64.manylinux2014_ppc64.whl", hash = "sha256:e395daba77a79f6dc0d07311f94cc0560375ca20c06f354c7c99af3bf4560c5d", size = 10853490 },
    { url = "https://files.pythonhosted.org/packages/56/f1/400cc9a533fadba676783a2116526d1c26063d3228105bc75fa1c32a092b/ruff-0.5.6-py3-none-manylinux_2_17_ppc64le.manylinux2014_ppc64le.whl", hash = "sha256:c476acb43c3c51e3c614a2e878ee1589655fa02dab19fe2db0423a06d6a5b1b6", size = 10425500 },
    { url = "https://files.pythonhosted.org/packages/f3/cd/f2cf6bc23a4293e3f8c365138f7279eea9179d1c4d3e09546d64daea40da/ruff-0.5.6-py3-none-manylinux_2_17_s390x.manylinux2014_s390x.whl", hash = "sha256:e2ff8003f5252fd68425fd53d27c1f08b201d7ed714bb31a55c9ac1d4c13e2eb", size = 11407463 },
    { url = "https://files.pythonhosted.org/packages/f8/cc/227428f39f8834d281b6d18f84f53e08a840ed63dec259e5e5e502284cec/ruff-0.5.6-py3-none-manylinux_2_17_x86_64.manylinux2014_x86_64.whl", hash = "sha256:c94e084ba3eaa80c2172918c2ca2eb2230c3f15925f4ed8b6297260c6ef179ad", size = 10160402 },
    { url = "https://files.pythonhosted.org/packages/f3/61/218890d960ca146d3822e981a34834995081f3b741b82ca2585fd5ebc521/ruff-0.5.6-py3-none-musllinux_1_2_aarch64.whl", hash = "sha256:1f77c1c3aa0669fb230b06fb24ffa3e879391a3ba3f15e3d633a752da5a3e670", size = 9971344 },
    { url = "https://files.pythonhosted.org/packages/f1/20/bd444745ff7b51e497332ecf3f550bb62871dd24d61960997049fdbed268/ruff-0.5.6-py3-none-musllinux_1_2_armv7l.whl", hash = "sha256:f908148c93c02873210a52cad75a6eda856b2cbb72250370ce3afef6fb99b1ed", size = 9417963 },
    { url = "https://files.pythonhosted.org/packages/30/03/69b6d3735f284d93324ca31e36316574501130393f1a8e328a74775f4fb5/ruff-0.5.6-py3-none-musllinux_1_2_i686.whl", hash = "sha256:563a7ae61ad284187d3071d9041c08019975693ff655438d8d4be26e492760bd", size = 9769870 },
    { url = "https://files.pythonhosted.org/packages/7f/19/1c86dc40abef457124bb4abf90c68688eb2c7f9944903240c3b93d511360/ruff-0.5.6-py3-none-musllinux_1_2_x86_64.whl", hash = "sha256:94fe60869bfbf0521e04fd62b74cbca21cbc5beb67cbb75ab33fe8c174f54414", size = 10229991 },
    { url = "https://files.pythonhosted.org/packages/65/a7/60a19f3cfccdea5815bc31971f523f5b2ecd08162b05d1a0d5b8c37dff59/ruff-0.5.6-py3-none-win32.whl", hash = "sha256:e6a584c1de6f8591c2570e171cc7ce482bb983d49c70ddf014393cd39e9dfaed", size = 7789030 },
    { url = "https://files.pythonhosted.org/packages/27/c6/b51987072bba4a56537b6fc7036d9bf0694a9de6cceddaa0761475658632/ruff-0.5.6-py3-none-win_amd64.whl", hash = "sha256:d7fe7dccb1a89dc66785d7aa0ac283b2269712d8ed19c63af908fdccca5ccc1a", size = 8690520 },
    { url = "https://files.pythonhosted.org/packages/c0/b1/712801cf487fd78554029b02f980e24531f5994e2bf79b7ac55c1659dd52/ruff-0.5.6-py3-none-win_arm64.whl", hash = "sha256:57c6c0dd997b31b536bff49b9eee5ed3194d60605a4427f735eeb1f9c1b8d264", size = 8101938 },
]

[[distribution]]
name = "scipy"
version = "1.14.0"
source = { registry = "https://pypi.org/simple" }
dependencies = [
    { name = "numpy" },
]
sdist = { url = "https://files.pythonhosted.org/packages/4e/e5/0230da034a2e1b1feb32621d7cd57c59484091d6dccc9e6b855b0d309fc9/scipy-1.14.0.tar.gz", hash = "sha256:b5923f48cb840380f9854339176ef21763118a7300a88203ccd0bdd26e58527b", size = 58618870 }
wheels = [
    { url = "https://files.pythonhosted.org/packages/c6/90/face72921ce52d74880b380e6f86b3caa6c65766c5808fbe179e208b9c6d/scipy-1.14.0-cp310-cp310-macosx_10_9_x86_64.whl", hash = "sha256:7e911933d54ead4d557c02402710c2396529540b81dd554fc1ba270eb7308484", size = 39120226 },
    { url = "https://files.pythonhosted.org/packages/6e/a1/0093566d31ae662e942d4079e2a4dea4256723bf3d072ae67f5ba41aee0d/scipy-1.14.0-cp310-cp310-macosx_12_0_arm64.whl", hash = "sha256:687af0a35462402dd851726295c1a5ae5f987bd6e9026f52e9505994e2f84ef6", size = 29866893 },
    { url = "https://files.pythonhosted.org/packages/52/21/05a182fb405a53dfbdf6415308bf185677e89188bc2206de011a3653f48e/scipy-1.14.0-cp310-cp310-macosx_14_0_arm64.whl", hash = "sha256:07e179dc0205a50721022344fb85074f772eadbda1e1b3eecdc483f8033709b7", size = 23076258 },
    { url = "https://files.pythonhosted.org/packages/5c/63/9954d14012a2f4aff4570f1aaf076d7f65f3fc246ae4483b765488d57d51/scipy-1.14.0-cp310-cp310-macosx_14_0_x86_64.whl", hash = "sha256:6a9c9a9b226d9a21e0a208bdb024c3982932e43811b62d202aaf1bb59af264b1", size = 25454715 },
    { url = "https://files.pythonhosted.org/packages/57/b8/ca969a99d34956c6546cbb9ea3f863a387009f68cdbad13cdb07db0cc23d/scipy-1.14.0-cp310-cp310-manylinux_2_17_aarch64.manylinux2014_aarch64.whl", hash = "sha256:076c27284c768b84a45dcf2e914d4000aac537da74236a0d45d82c6fa4b7b3c0", size = 35569038 },
    { url = "https://files.pythonhosted.org/packages/e2/20/15c8fe0dfebb6facd81b3d08bf45dfa080e305deb17172b0a40eba59e927/scipy-1.14.0-cp310-cp310-manylinux_2_17_x86_64.manylinux2014_x86_64.whl", hash = "sha256:42470ea0195336df319741e230626b6225a740fd9dce9642ca13e98f667047c0", size = 41135959 },
    { url = "https://files.pythonhosted.org/packages/df/a2/8721f93fbf98a69067d20bdfded36a7de2a3d811f192edba9eeefbde61b8/scipy-1.14.0-cp310-cp310-musllinux_1_1_x86_64.whl", hash = "sha256:176c6f0d0470a32f1b2efaf40c3d37a24876cebf447498a4cefb947a79c21e9d", size = 41118514 },
    { url = "https://files.pythonhosted.org/packages/a3/0c/82c1330c08f31d61142d38cb9a185e01c2403c990d10dab208032e62d0fa/scipy-1.14.0-cp310-cp310-win_amd64.whl", hash = "sha256:ad36af9626d27a4326c8e884917b7ec321d8a1841cd6dacc67d2a9e90c2f0359", size = 44763252 },
    { url = "https://files.pythonhosted.org/packages/10/55/d6096721c0f0d7e7369da9660a854c14e6379ab7aba603ea5d492d77fa23/scipy-1.14.0-cp311-cp311-macosx_10_9_x86_64.whl", hash = "sha256:6d056a8709ccda6cf36cdd2eac597d13bc03dba38360f418560a93050c76a16e", size = 39129318 },
    { url = "https://files.pythonhosted.org/packages/56/95/1a3a04b5facab8287325ad2335dbb6b78b98d73690c832099c9c498f7a4d/scipy-1.14.0-cp311-cp311-macosx_12_0_arm64.whl", hash = "sha256:f0a50da861a7ec4573b7c716b2ebdcdf142b66b756a0d392c236ae568b3a93fb", size = 29880413 },
    { url = "https://files.pythonhosted.org/packages/8b/d2/78e3342f5db363ddf92de84007d43e47c8bb24363bd509e1b75a5102a25d/scipy-1.14.0-cp311-cp311-macosx_14_0_arm64.whl", hash = "sha256:94c164a9e2498e68308e6e148646e486d979f7fcdb8b4cf34b5441894bdb9caf", size = 23089804 },
    { url = "https://files.pythonhosted.org/packages/6a/d6/db686519059afb367e5a06935556b50fa422d792a658ce071f4527c785bf/scipy-1.14.0-cp311-cp311-macosx_14_0_x86_64.whl", hash = "sha256:a7d46c3e0aea5c064e734c3eac5cf9eb1f8c4ceee756262f2c7327c4c2691c86", size = 25479561 },
    { url = "https://files.pythonhosted.org/packages/6c/bb/f44e22697740893ffa84239ca3766bdb908c1c7135ebb272d5bd4bdc33e2/scipy-1.14.0-cp311-cp311-manylinux_2_17_aarch64.manylinux2014_aarch64.whl", hash = "sha256:9eee2989868e274aae26125345584254d97c56194c072ed96cb433f32f692ed8", size = 35558723 },
    { url = "https://files.pythonhosted.org/packages/89/bb/80c9c98d887c855710fd31fc5ae5574133e98203b3475b07579251803662/scipy-1.14.0-cp311-cp311-manylinux_2_17_x86_64.manylinux2014_x86_64.whl", hash = "sha256:9e3154691b9f7ed73778d746da2df67a19d046a6c8087c8b385bc4cdb2cfca74", size = 41132874 },
    { url = "https://files.pythonhosted.org/packages/c4/c6/b7a0774808a0f65bd3bba4558c8d6b90c24e852656087045a0a7ada24868/scipy-1.14.0-cp311-cp311-musllinux_1_1_x86_64.whl", hash = "sha256:c40003d880f39c11c1edbae8144e3813904b10514cd3d3d00c277ae996488cdb", size = 41073588 },
    { url = "https://files.pythonhosted.org/packages/91/1d/0484130df7e33e044da88a091827d6441b77f907075bf7bbe145857d6590/scipy-1.14.0-cp311-cp311-win_amd64.whl", hash = "sha256:5b083c8940028bb7e0b4172acafda6df762da1927b9091f9611b0bcd8676f2bc", size = 44749773 },
    { url = "https://files.pythonhosted.org/packages/50/51/3aa6bcde60dec542c6b8363b6a871b02827a41f01ab9c0c9324464f8c4cd/scipy-1.14.0-cp312-cp312-macosx_10_9_x86_64.whl", hash = "sha256:bff2438ea1330e06e53c424893ec0072640dac00f29c6a43a575cbae4c99b2b9", size = 39176568 },
    { url = "https://files.pythonhosted.org/packages/5c/76/f2b91ea2d2b76504e845699271be9c0ca3492770614fb6b911fb517023de/scipy-1.14.0-cp312-cp312-macosx_12_0_arm64.whl", hash = "sha256:bbc0471b5f22c11c389075d091d3885693fd3f5e9a54ce051b46308bc787e5d4", size = 29925587 },
    { url = "https://files.pythonhosted.org/packages/09/70/5e756d3f90fe3fff64d1550db0fa6bb9eb76eedd084c568618f93441f08c/scipy-1.14.0-cp312-cp312-macosx_14_0_arm64.whl", hash = "sha256:64b2ff514a98cf2bb734a9f90d32dc89dc6ad4a4a36a312cd0d6327170339eb0", size = 23134915 },
    { url = "https://files.pythonhosted.org/packages/f2/1e/41e1a295dc54d21f6a6b2ff5e85e398b5aea076cf69fdedbc943b9c73b2d/scipy-1.14.0-cp312-cp312-macosx_14_0_x86_64.whl", hash = "sha256:7d3da42fbbbb860211a811782504f38ae7aaec9de8764a9bef6b262de7a2b50f", size = 25556831 },
    { url = "https://files.pythonhosted.org/packages/24/0e/c7812fbfa1e29e26cd28c6972be43e3fe49427c5f1663c4b992c431e247d/scipy-1.14.0-cp312-cp312-manylinux_2_17_aarch64.manylinux2014_aarch64.whl", hash = "sha256:d91db2c41dd6c20646af280355d41dfa1ec7eead235642178bd57635a3f82209", size = 35295529 },
    { url = "https://files.pythonhosted.org/packages/9b/00/ce54410e344b3a6032cd42ed53fe425cf57a66d28e337670292bbb419ebc/scipy-1.14.0-cp312-cp312-manylinux_2_17_x86_64.manylinux2014_x86_64.whl", hash = "sha256:a01cc03bcdc777c9da3cfdcc74b5a75caffb48a6c39c8450a9a05f82c4250a14", size = 40785123 },
    { url = "https://files.pythonhosted.org/packages/45/ed/75f5d318cf7af841835cec9534704d3a4cb6a96460677f05466c928790a7/scipy-1.14.0-cp312-cp312-musllinux_1_1_x86_64.whl", hash = "sha256:65df4da3c12a2bb9ad52b86b4dcf46813e869afb006e58be0f516bc370165159", size = 40704660 },
    { url = "https://files.pythonhosted.org/packages/3f/72/305686527c68f33f1dd3ebdd28f53340d372b2f9e44dccaf6f92e17739d3/scipy-1.14.0-cp312-cp312-win_amd64.whl", hash = "sha256:4c4161597c75043f7154238ef419c29a64ac4a7c889d588ea77690ac4d0d9b20", size = 44475988 },
]

[[distribution]]
name = "tomli"
version = "2.0.1"
source = { registry = "https://pypi.org/simple" }
sdist = { url = "https://files.pythonhosted.org/packages/c0/3f/d7af728f075fb08564c5949a9c95e44352e23dee646869fa104a3b2060a3/tomli-2.0.1.tar.gz", hash = "sha256:de526c12914f0c550d15924c62d72abc48d6fe7364aa87328337a31007fe8a4f", size = 15164 }
wheels = [
    { url = "https://files.pythonhosted.org/packages/97/75/10a9ebee3fd790d20926a90a2547f0bf78f371b2f13aa822c759680ca7b9/tomli-2.0.1-py3-none-any.whl", hash = "sha256:939de3e7a6161af0c887ef91b7d41a53e7c5a1ca976325f429cb46ea9bc30ecc", size = 12757 },
]

[[distribution]]
name = "tox"
version = "4.17.0"
source = { registry = "https://pypi.org/simple" }
dependencies = [
    { name = "cachetools" },
    { name = "chardet" },
    { name = "colorama" },
    { name = "filelock" },
    { name = "packaging" },
    { name = "platformdirs" },
    { name = "pluggy" },
    { name = "pyproject-api" },
    { name = "tomli", marker = "python_version < '3.11'" },
    { name = "virtualenv" },
]
sdist = { url = "https://files.pythonhosted.org/packages/9a/41/287d083a3b430ca9f7590f867d3899de4ed6638e6ae8006c9775d412ca24/tox-4.17.0.tar.gz", hash = "sha256:b1e2e1dfbfdc174d9be95ae78ec2c4d2cf4800d4c15571deddb197a2c90d2de6", size = 179927 }
wheels = [
    { url = "https://files.pythonhosted.org/packages/7e/43/3a87fb8cc2c516b424c752ffb2177510f969b1e192a5b7a8ccc7a6fcafd6/tox-4.17.0-py3-none-any.whl", hash = "sha256:82ef41e7e54182e2143daf0b2920d9030c2e1c4291e12091ebad66860c7be7a4", size = 156106 },
]

[[distribution]]
name = "tox-uv"
version = "1.11.1"
source = { registry = "https://pypi.org/simple" }
dependencies = [
    { name = "packaging" },
    { name = "tox" },
    { name = "uv" },
]
sdist = { url = "https://files.pythonhosted.org/packages/45/44/2fc2c3484469218e074907d1488784ca94dd52961f2bea8c1018472d2b45/tox_uv-1.11.1.tar.gz", hash = "sha256:9e310020eaad3c7389770007d49cb2146e92383a47380086c065156c8aff0c56", size = 13590 }
wheels = [
    { url = "https://files.pythonhosted.org/packages/5f/08/59e80b9365ee85b184d5d5f76144a65b61c384446c3d5c3c6b7c3b64a255/tox_uv-1.11.1-py3-none-any.whl", hash = "sha256:e4962ad07541bd9da08e6d654edc5ce636665899e9c181a4ea4a3f4385da9158", size = 11203 },
]

[[distribution]]
name = "types-scipy-sparse"
version = "0.0.1"
source = { editable = "." }
dependencies = [
    { name = "numpy" },
    { name = "scipy" },
    { name = "typing-extensions" },
]

[distribution.dev-dependencies]
dev = [
    { name = "make-scipy-sparse-stubs" },
    { name = "mypy" },
    { name = "pytest" },
    { name = "ruff" },
    { name = "tox" },
    { name = "tox-uv" },
    { name = "uv" },
]

[[distribution]]
name = "typing-extensions"
version = "4.12.2"
source = { registry = "https://pypi.org/simple" }
sdist = { url = "https://files.pythonhosted.org/packages/df/db/f35a00659bc03fec321ba8bce9420de607a1d37f8342eee1863174c69557/typing_extensions-4.12.2.tar.gz", hash = "sha256:1a7ead55c7e559dd4dee8856e3a88b41225abfe1ce8df57b7c13915fe121ffb8", size = 85321 }
wheels = [
    { url = "https://files.pythonhosted.org/packages/26/9f/ad63fc0248c5379346306f8668cda6e2e2e9c95e01216d2b8ffd9ff037d0/typing_extensions-4.12.2-py3-none-any.whl", hash = "sha256:04e5ca0351e0f3f85c6853954072df659d0d13fac324d0072316b67d7794700d", size = 37438 },
]

[[distribution]]
name = "uv"
version = "0.2.33"
source = { registry = "https://pypi.org/simple" }
sdist = { url = "https://files.pythonhosted.org/packages/95/0e/3df12ba105554b6e35c0e4efccd23e99b6a5e7255fc7d79ecc6105aaa56b/uv-0.2.33.tar.gz", hash = "sha256:714351e10f27e41052897e26cd4acfe66e35250903fdc20f762d29461cf3ec4a", size = 1114271 }
wheels = [
    { url = "https://files.pythonhosted.org/packages/32/a8/66d90037f8eca6e9a5ae06a009157866c4059ef3c195ab707b2e6e02ab2b/uv-0.2.33-py3-none-linux_armv6l.whl", hash = "sha256:42b65bbf78b5186a40ea4423fab030fb01c9354432a7c0a3b5db67a3f4e246c5", size = 13370651 },
    { url = "https://files.pythonhosted.org/packages/08/95/af29e47189ce5238c7101b1d202795c23037d4d38edd34c97be0164ae8da/uv-0.2.33-py3-none-macosx_10_12_x86_64.whl", hash = "sha256:181ccdb22058465c6690dca22e506fec234dcae5bcbe6389fd5330971910250e", size = 11786918 },
    { url = "https://files.pythonhosted.org/packages/a1/e4/5b8d901714ab3a3c1c2e62ac0842d8d3748d247e67af3cad9ffc21ca0cf7/uv-0.2.33-py3-none-macosx_11_0_arm64.whl", hash = "sha256:ace6cb8383203fdfeaf8dbbc1ecb3bb945e040ca10558e233b63c84af82f6636", size = 11201484 },
    { url = "https://files.pythonhosted.org/packages/88/e6/8dfa12d11c81d1963e1f53994443e8bf42fd8ac3c3038d0b192d04afb7ad/uv-0.2.33-py3-none-manylinux_2_17_aarch64.manylinux2014_aarch64.musllinux_1_1_aarch64.whl", hash = "sha256:86f6237102deedbb17201804eb821833c5bad3f551f16f2695ae2b85e9f066de", size = 13734739 },
    { url = "https://files.pythonhosted.org/packages/ed/0b/eed0b5e5f1fceae72e1145fcd03aed52ae12fc6e4b137d4167ce58ad0a9e/uv-0.2.33-py3-none-manylinux_2_17_armv7l.manylinux2014_armv7l.whl", hash = "sha256:ede51de6795f9571b182c104d6078690c3a10b3fbe6fcf414b2e38c8d394e575", size = 13099402 },
    { url = "https://files.pythonhosted.org/packages/58/b2/b2410b78202974baccb4ed965cdea083d9923dc474b9124125dd1dcd9f05/uv-0.2.33-py3-none-manylinux_2_17_i686.manylinux2014_i686.whl", hash = "sha256:02ed3b62049ea1f40404d33a02a69d3808f3b0e001e5565938804ca76beafbc4", size = 14693786 },
    { url = "https://files.pythonhosted.org/packages/e9/f9/878855fff5aefa6ea394f8afc3c45f3393539f710215356cf199c177f75a/uv-0.2.33-py3-none-manylinux_2_17_ppc64.manylinux2014_ppc64.whl", hash = "sha256:73031edf35195289f02f6f1a603c512b57c8f921cb62fd442dbb63fd2a77c801", size = 14889829 },
    { url = "https://files.pythonhosted.org/packages/2d/83/914fe84800a0f499a37baed096a40b44096ad3b83d1d6d3c50f0c8b02fa9/uv-0.2.33-py3-none-manylinux_2_17_ppc64le.manylinux2014_ppc64le.whl", hash = "sha256:2fe685e73f198b2630e08e89ece0d858d58646a038a6d9cb2b06126dcca856d1", size = 14256942 },
    { url = "https://files.pythonhosted.org/packages/93/eb/b83af891e5432a002ab6464b4f24eaca000d2d7f41acf6f3210d2fe81331/uv-0.2.33-py3-none-manylinux_2_17_s390x.manylinux2014_s390x.whl", hash = "sha256:fb6f282ac92fbc05e82fa3a93e6515ad5b044e8c845ba16d815b5889799eebd1", size = 15195463 },
    { url = "https://files.pythonhosted.org/packages/2f/d8/81deaefb47d81142792bbf4e5c37f0e43cba2e0fd2438b6e12de540fea85/uv-0.2.33-py3-none-manylinux_2_17_x86_64.manylinux2014_x86_64.whl", hash = "sha256:48cfdb8efd237eb00086b8f0d0dc7281e517fd8afb55f698538087379bf45a8d", size = 14025849 },
    { url = "https://files.pythonhosted.org/packages/b8/e8/32c944721ec71f99735bd45efda33beca9f9ea30845740512a8af6377d50/uv-0.2.33-py3-none-manylinux_2_28_aarch64.whl", hash = "sha256:8eba96cbff1bc492c270e143235b39cfbe6dddebd842228ea14124d6b7d944e8", size = 13871600 },
    { url = "https://files.pythonhosted.org/packages/11/5e/5909e6b2782ab841536cd3ff3fe02a364486d4ba5efc5284c70200644117/uv-0.2.33-py3-none-musllinux_1_1_armv7l.whl", hash = "sha256:90b74796ce75594e63345c8e090fbac832a8f6db876691ae2b57b0b8d6011559", size = 13154787 },
    { url = "https://files.pythonhosted.org/packages/62/49/55f5ffcc94403790ae1ea88c414076d6e1f69de9d67f9a3b10a5ef62ceeb/uv-0.2.33-py3-none-musllinux_1_1_i686.whl", hash = "sha256:676231a93001db051ecf98cb380f2d48d3f6b95add66ff4546073e30911a737a", size = 13953345 },
    { url = "https://files.pythonhosted.org/packages/39/11/11ff6896ef984b6f53ebe64ad43e30ac5d8f76796db46af80a5715205641/uv-0.2.33-py3-none-musllinux_1_1_ppc64le.whl", hash = "sha256:744eb9743e4b850af5de9f3c727d84a60a763ae0f4f5183dcdfa8a065879694d", size = 13924966 },
    { url = "https://files.pythonhosted.org/packages/28/3e/1d11bd55e71ac07bece6bc37769652672e3939ecad72036c84d3444005a7/uv-0.2.33-py3-none-musllinux_1_1_x86_64.whl", hash = "sha256:37924a3b502117fd74b1ddf08e9288b397da7895dd8cad46005422eefffe6e88", size = 14182218 },
    { url = "https://files.pythonhosted.org/packages/07/4e/6c165bd717a191e0154dd98617866658d8e5d34fe124256dff838dd83520/uv-0.2.33-py3-none-win32.whl", hash = "sha256:dbe497a1a16be9569d42cf4a7562e14bb3c3d9b33cc65e59095f1c3f8ab983df", size = 10599027 },
    { url = "https://files.pythonhosted.org/packages/80/aa/2826965c6782f5ee87feecae9ee8a567cad4deadefac134e68e483122efd/uv-0.2.33-py3-none-win_amd64.whl", hash = "sha256:93c45d07ab440c03f2796540d646c34e58b4707feebfb9f70ded1306830408b0", size = 12099345 },
]

[[distribution]]
name = "virtualenv"
version = "20.26.3"
source = { registry = "https://pypi.org/simple" }
dependencies = [
    { name = "distlib" },
    { name = "filelock" },
    { name = "platformdirs" },
]
sdist = { url = "https://files.pythonhosted.org/packages/68/60/db9f95e6ad456f1872486769c55628c7901fb4de5a72c2f7bdd912abf0c1/virtualenv-20.26.3.tar.gz", hash = "sha256:4c43a2a236279d9ea36a0d76f98d84bd6ca94ac4e0f4a3b9d46d05e10fea542a", size = 9057588 }
wheels = [
    { url = "https://files.pythonhosted.org/packages/07/4d/410156100224c5e2f0011d435e477b57aed9576fc7fe137abcf14ec16e11/virtualenv-20.26.3-py3-none-any.whl", hash = "sha256:8cc4a31139e796e9a7de2cd5cf2489de1217193116a8fd42328f1bd65f434589", size = 5684792 },
]
