# generated by rye
# use `rye lock` or `rye sync` to update this lockfile
#
# last locked with the following flags:
#   pre: false
#   features: []
#   all-features: true
#   with-sources: false
#   generate-hashes: false
#   universal: false

-e file:.
annotated-types==0.6.0
    # via pydantic
loguru==0.7.2
    # via firecore
numpy==1.26.3
    # via firecore
pydantic==2.8.2
    # via firecore
pydantic-core==2.20.1
    # via pydantic
rjsonnet==0.5.4
    # via firecore
typing-extensions==4.8.0
    # via pydantic
    # via pydantic-core
