{
  "name": "sitetag-library",
  "version": "0.0.1",
  "lockfileVersion": 1,
  "requires": true,
  "dependencies": {
    "just-camel-case": {
      "version": "6.0.1",
      "resolved": "https://registry.npmjs.org/just-camel-case/-/just-camel-case-6.0.1.tgz",
      "integrity": "sha512-cFuLe+LDw0sOLDiaftpasYMNe3g8X5BZbmJcr9GZ8nL8ViR5x6ML3KrAq1+nftFJ+lesSr1nZKsCNp8WcN8O8A=="
    }
  }
}
