# generated by rye
# use `rye lock` or `rye sync` to update this lockfile
#
# last locked with the following flags:
#   pre: false
#   features: []
#   all-features: false
#   with-sources: false
#   generate-hashes: false
#   universal: false

-e file:.
annotated-types==0.6.0
    # via pydantic
beautifulsoup4==4.12.2
    # via kakuyomu-cli
certifi==2023.11.17
    # via requests
charset-normalizer==3.3.2
    # via requests
coloredlogs==15.0.1
    # via kakuyomu-cli
humanfriendly==10.0
    # via coloredlogs
idna==3.6
    # via requests
pydantic==2.5.3
    # via kakuyomu-cli
pydantic-core==2.14.6
    # via pydantic
requests==2.31.0
    # via kakuyomu-cli
soupsieve==2.5
    # via beautifulsoup4
toml==0.10.2
    # via kakuyomu-cli
types-requests==2.31.0.20240106
    # via kakuyomu-cli
typing-extensions==4.9.0
    # via pydantic
    # via pydantic-core
urllib3==2.1.0
    # via requests
    # via types-requests
