{
    "_meta": {
        "hash": {
            "sha256": "54d5f480f36771cc406d7d9eff87c204fdf253a30af975abe0e217e6bb6cef10"
        },
        "pipfile-spec": 6,
        "requires": {
            "python_version": "3.12"
        },
        "sources": [
            {
                "name": "pypi",
                "url": "https://pypi.org/simple",
                "verify_ssl": true
            }
        ]
    },
    "default": {
        "termcolor": {
            "hashes": [
                "sha256:9297c0df9c99445c2412e832e882a7884038a25617c60cea2ad69488d4040d63",
                "sha256:aab9e56047c8ac41ed798fa36d892a37aca6b3e9159f3e0c24bc64a9b3ac7b7a"
            ],
            "index": "pypi",
            "markers": "python_version >= '3.8'",
            "version": "==2.4.0"
        }
    },
    "develop": {}
}
